// !$*UTF8*$!
{
	archiveVersion = 1;
	classes = {
	};
	objectVersion = 50;
	objects = {

/* Begin PBXBuildFile section */
		8133DFD921A2DEA200539332 /* RegistrationDetails+CoreDataClass.swift in Sources */ = {isa = PBXBuildFile; fileRef = 8133DFD721A2DEA200539332 /* RegistrationDetails+CoreDataClass.swift */; };
		8133DFDA21A2DEA200539332 /* RegistrationDetails+CoreDataProperties.swift in Sources */ = {isa = PBXBuildFile; fileRef = 8133DFD821A2DEA200539332 /* RegistrationDetails+CoreDataProperties.swift */; };
		8150304121917675004CFAEE /* EditVC.swift in Sources */ = {isa = PBXBuildFile; fileRef = 8150304021917675004CFAEE /* EditVC.swift */; };
		81619E8F219937B200DDBF25 /* CoreData.framework in Frameworks */ = {isa = PBXBuildFile; fileRef = 81619E8E219937B200DDBF25 /* CoreData.framework */; };
		81619E9121993B3B00DDBF25 /* DatabaseHelper.swift in Sources */ = {isa = PBXBuildFile; fileRef = 81619E9021993B3B00DDBF25 /* DatabaseHelper.swift */; };
		8171279221900E45003FD679 /* ShowRegisterVC.swift in Sources */ = {isa = PBXBuildFile; fileRef = 8171279121900E45003FD679 /* ShowRegisterVC.swift */; };
		8171279C21901818003FD679 /* LoginVC.swift in Sources */ = {isa = PBXBuildFile; fileRef = 8171279B21901818003FD679 /* LoginVC.swift */; };
		8179BC7B219D69BB00CD865B /* RegisterCellCell.swift in Sources */ = {isa = PBXBuildFile; fileRef = 8179BC7A219D69BB00CD865B /* RegisterCellCell.swift */; };
		81C1A3F6218C5B75008F783B /* AppDelegate.swift in Sources */ = {isa = PBXBuildFile; fileRef = 81C1A3F5218C5B75008F783B /* AppDelegate.swift */; };
		81C1A3FB218C5B75008F783B /* Main.storyboard in Resources */ = {isa = PBXBuildFile; fileRef = 81C1A3F9218C5B75008F783B /* Main.storyboard */; };
		81C1A3FE218C5B75008F783B /* RegistrationPageCoreData.xcdatamodeld in Sources */ = {isa = PBXBuildFile; fileRef = 81C1A3FC218C5B75008F783B /* RegistrationPageCoreData.xcdatamodeld */; };
		81C1A400218C5B76008F783B /* Assets.xcassets in Resources */ = {isa = PBXBuildFile; fileRef = 81C1A3FF218C5B76008F783B /* Assets.xcassets */; };
		81C1A403218C5B76008F783B /* LaunchScreen.storyboard in Resources */ = {isa = PBXBuildFile; fileRef = 81C1A401218C5B76008F783B /* LaunchScreen.storyboard */; };
		81C1A415218C5D02008F783B /* HomeVC.swift in Sources */ = {isa = PBXBuildFile; fileRef = 81C1A414218C5D02008F783B /* HomeVC.swift */; };
/* End PBXBuildFile section */

/* Begin PBXFileReference section */
		8133DFD721A2DEA200539332 /* RegistrationDetails+CoreDataClass.swift */ = {isa = PBXFileReference; lastKnownFileType = sourcecode.swift; path = "RegistrationDetails+CoreDataClass.swift"; sourceTree = "<group>"; };
		8133DFD821A2DEA200539332 /* RegistrationDetails+CoreDataProperties.swift */ = {isa = PBXFileReference; lastKnownFileType = sourcecode.swift; path = "RegistrationDetails+CoreDataProperties.swift"; sourceTree = "<group>"; };
		8150304021917675004CFAEE /* EditVC.swift */ = {isa = PBXFileReference; lastKnownFileType = sourcecode.swift; path = EditVC.swift; sourceTree = "<group>"; };
		81619E8E219937B200DDBF25 /* CoreData.framework */ = {isa = PBXFileReference; lastKnownFileType = wrapper.framework; name = CoreData.framework; path = System/Library/Frameworks/CoreData.framework; sourceTree = SDKROOT; };
		81619E9021993B3B00DDBF25 /* DatabaseHelper.swift */ = {isa = PBXFileReference; lastKnownFileType = sourcecode.swift; path = DatabaseHelper.swift; sourceTree = "<group>"; };
		8171279121900E45003FD679 /* ShowRegisterVC.swift */ = {isa = PBXFileReference; lastKnownFileType = sourcecode.swift; path = ShowRegisterVC.swift; sourceTree = "<group>"; };
		8171279B21901818003FD679 /* LoginVC.swift */ = {isa = PBXFileReference; lastKnownFileType = sourcecode.swift; path = LoginVC.swift; sourceTree = "<group>"; };
		8179BC7A219D69BB00CD865B /* RegisterCellCell.swift */ = {isa = PBXFileReference; lastKnownFileType = sourcecode.swift; path = RegisterCellCell.swift; sourceTree = "<group>"; };
		81C1A3F2218C5B75008F783B /* RegistrationPageCoreData.app */ = {isa = PBXFileReference; explicitFileType = wrapper.application; includeInIndex = 0; path = RegistrationPageCoreData.app; sourceTree = BUILT_PRODUCTS_DIR; };
		81C1A3F5218C5B75008F783B /* AppDelegate.swift */ = {isa = PBXFileReference; lastKnownFileType = sourcecode.swift; path = AppDelegate.swift; sourceTree = "<group>"; };
		81C1A3FA218C5B75008F783B /* Base */ = {isa = PBXFileReference; lastKnownFileType = file.storyboard; name = Base; path = Base.lproj/Main.storyboard; sourceTree = "<group>"; };
		81C1A3FD218C5B75008F783B /* RegistrationPageCoreData.xcdatamodel */ = {isa = PBXFileReference; lastKnownFileType = wrapper.xcdatamodel; path = RegistrationPageCoreData.xcdatamodel; sourceTree = "<group>"; };
		81C1A3FF218C5B76008F783B /* Assets.xcassets */ = {isa = PBXFileReference; lastKnownFileType = folder.assetcatalog; path = Assets.xcassets; sourceTree = "<group>"; };
		81C1A402218C5B76008F783B /* Base */ = {isa = PBXFileReference; lastKnownFileType = file.storyboard; name = Base; path = Base.lproj/LaunchScreen.storyboard; sourceTree = "<group>"; };
		81C1A404218C5B76008F783B /* Info.plist */ = {isa = PBXFileReference; lastKnownFileType = text.plist.xml; path = Info.plist; sourceTree = "<group>"; };
		81C1A414218C5D02008F783B /* HomeVC.swift */ = {isa = PBXFileReference; lastKnownFileType = sourcecode.swift; path = HomeVC.swift; sourceTree = "<group>"; };
/* End PBXFileReference section */

/* Begin PBXFrameworksBuildPhase section */
		81C1A3EF218C5B75008F783B /* Frameworks */ = {
			isa = PBXFrameworksBuildPhase;
			buildActionMask = 2147483647;
			files = (
				81619E8F219937B200DDBF25 /* CoreData.framework in Frameworks */,
			);
			runOnlyForDeploymentPostprocessing = 0;
		};
/* End PBXFrameworksBuildPhase section */

/* Begin PBXGroup section */
		81619E8D219937B200DDBF25 /* Frameworks */ = {
			isa = PBXGroup;
			children = (
				81619E8E219937B200DDBF25 /* CoreData.framework */,
			);
			name = Frameworks;
			sourceTree = "<group>";
		};
		81C1A3E9218C5B75008F783B = {
			isa = PBXGroup;
			children = (
				81C1A3F4218C5B75008F783B /* RegistrationPageCoreData */,
				81C1A3F3218C5B75008F783B /* Products */,
				81619E8D219937B200DDBF25 /* Frameworks */,
			);
			sourceTree = "<group>";
		};
		81C1A3F3218C5B75008F783B /* Products */ = {
			isa = PBXGroup;
			children = (
				81C1A3F2218C5B75008F783B /* RegistrationPageCoreData.app */,
			);
			name = Products;
			sourceTree = "<group>";
		};
		81C1A3F4218C5B75008F783B /* RegistrationPageCoreData */ = {
			isa = PBXGroup;
			children = (
				81C1A413218C5CDB008F783B /* AppBaseVC */,
				81C1A416218C5D0A008F783B /* AppCell */,
				81C1A412218C5CAE008F783B /* AppAssets */,
				81C1A411218C5C6F008F783B /* AppStoryboard */,
				81C1A40E218C5BFF008F783B /* AppDelegFile */,
				81C1A404218C5B76008F783B /* Info.plist */,
				81C1A3FC218C5B75008F783B /* RegistrationPageCoreData.xcdatamodeld */,
			);
			path = RegistrationPageCoreData;
			sourceTree = "<group>";
		};
		81C1A40E218C5BFF008F783B /* AppDelegFile */ = {
			isa = PBXGroup;
			children = (
				81C1A3F5218C5B75008F783B /* AppDelegate.swift */,
			);
			path = AppDelegFile;
			sourceTree = "<group>";
		};
		81C1A411218C5C6F008F783B /* AppStoryboard */ = {
			isa = PBXGroup;
			children = (
				81C1A401218C5B76008F783B /* LaunchScreen.storyboard */,
				81C1A3F9218C5B75008F783B /* Main.storyboard */,
			);
			path = AppStoryboard;
			sourceTree = "<group>";
		};
		81C1A412218C5CAE008F783B /* AppAssets */ = {
			isa = PBXGroup;
			children = (
				81C1A3FF218C5B76008F783B /* Assets.xcassets */,
			);
			path = AppAssets;
			sourceTree = "<group>";
		};
		81C1A413218C5CDB008F783B /* AppBaseVC */ = {
			isa = PBXGroup;
			children = (
				8150304021917675004CFAEE /* EditVC.swift */,
				8133DFD721A2DEA200539332 /* RegistrationDetails+CoreDataClass.swift */,
				8133DFD821A2DEA200539332 /* RegistrationDetails+CoreDataProperties.swift */,
				8171279B21901818003FD679 /* LoginVC.swift */,
				8171279121900E45003FD679 /* ShowRegisterVC.swift */,
				81619E9021993B3B00DDBF25 /* DatabaseHelper.swift */,
				81C1A414218C5D02008F783B /* HomeVC.swift */,
			);
			path = AppBaseVC;
			sourceTree = "<group>";
		};
		81C1A416218C5D0A008F783B /* AppCell */ = {
			isa = PBXGroup;
			children = (
				81C1A417218C5D15008F783B /* TableCell */,
				81C1A418218C5D1F008F783B /* CollectionCell */,
			);
			path = AppCell;
			sourceTree = "<group>";
		};
		81C1A417218C5D15008F783B /* TableCell */ = {
			isa = PBXGroup;
			children = (
				8179BC7A219D69BB00CD865B /* RegisterCellCell.swift */,
			);
			path = TableCell;
			sourceTree = "<group>";
		};
		81C1A418218C5D1F008F783B /* CollectionCell */ = {
			isa = PBXGroup;
			children = (
			);
			path = CollectionCell;
			sourceTree = "<group>";
		};
/* End PBXGroup section */

/* Begin PBXNativeTarget section */
		81C1A3F1218C5B75008F783B /* RegistrationPageCoreData */ = {
			isa = PBXNativeTarget;
			buildConfigurationList = 81C1A407218C5B76008F783B /* Build configuration list for PBXNativeTarget "RegistrationPageCoreData" */;
			buildPhases = (
				81C1A3EE218C5B75008F783B /* Sources */,
				81C1A3EF218C5B75008F783B /* Frameworks */,
				81C1A3F0218C5B75008F783B /* Resources */,
			);
			buildRules = (
			);
			dependencies = (
			);
			name = RegistrationPageCoreData;
			productName = RegistrationPageCoreData;
			productReference = 81C1A3F2218C5B75008F783B /* RegistrationPageCoreData.app */;
			productType = "com.apple.product-type.application";
		};
/* End PBXNativeTarget section */

/* Begin PBXProject section */
		81C1A3EA218C5B75008F783B /* Project object */ = {
			isa = PBXProject;
			attributes = {
				LastSwiftUpdateCheck = 0940;
				LastUpgradeCheck = 0940;
				ORGANIZATIONNAME = Xongolab;
				TargetAttributes = {
					81C1A3F1218C5B75008F783B = {
						CreatedOnToolsVersion = 9.4.1;
					};
				};
			};
			buildConfigurationList = 81C1A3ED218C5B75008F783B /* Build configuration list for PBXProject "RegistrationPageCoreData" */;
			compatibilityVersion = "Xcode 9.3";
			developmentRegion = en;
			hasScannedForEncodings = 0;
			knownRegions = (
				en,
				Base,
			);
			mainGroup = 81C1A3E9218C5B75008F783B;
			productRefGroup = 81C1A3F3218C5B75008F783B /* Products */;
			projectDirPath = "";
			projectRoot = "";
			targets = (
				81C1A3F1218C5B75008F783B /* RegistrationPageCoreData */,
			);
		};
/* End PBXProject section */

/* Begin PBXResourcesBuildPhase section */
		81C1A3F0218C5B75008F783B /* Resources */ = {
			isa = PBXResourcesBuildPhase;
			buildActionMask = 2147483647;
			files = (
				81C1A403218C5B76008F783B /* LaunchScreen.storyboard in Resources */,
				81C1A400218C5B76008F783B /* Assets.xcassets in Resources */,
				81C1A3FB218C5B75008F783B /* Main.storyboard in Resources */,
			);
			runOnlyForDeploymentPostprocessing = 0;
		};
/* End PBXResourcesBuildPhase section */

/* Begin PBXSourcesBuildPhase section */
		81C1A3EE218C5B75008F783B /* Sources */ = {
			isa = PBXSourcesBuildPhase;
			buildActionMask = 2147483647;
			files = (
				8179BC7B219D69BB00CD865B /* RegisterCellCell.swift in Sources */,
				8150304121917675004CFAEE /* EditVC.swift in Sources */,
				8133DFD921A2DEA200539332 /* RegistrationDetails+CoreDataClass.swift in Sources */,
				8133DFDA21A2DEA200539332 /* RegistrationDetails+CoreDataProperties.swift in Sources */,
				81C1A415218C5D02008F783B /* HomeVC.swift in Sources */,
				8171279C21901818003FD679 /* LoginVC.swift in Sources */,
				81C1A3FE218C5B75008F783B /* RegistrationPageCoreData.xcdatamodeld in Sources */,
				81619E9121993B3B00DDBF25 /* DatabaseHelper.swift in Sources */,
				8171279221900E45003FD679 /* ShowRegisterVC.swift in Sources */,
				81C1A3F6218C5B75008F783B /* AppDelegate.swift in Sources */,
			);
			runOnlyForDeploymentPostprocessing = 0;
		};
/* End PBXSourcesBuildPhase section */

/* Begin PBXVariantGroup section */
		81C1A3F9218C5B75008F783B /* Main.storyboard */ = {
			isa = PBXVariantGroup;
			children = (
				81C1A3FA218C5B75008F783B /* Base */,
			);
			name = Main.storyboard;
			sourceTree = "<group>";
		};
		81C1A401218C5B76008F783B /* LaunchScreen.storyboard */ = {
			isa = PBXVariantGroup;
			children = (
				81C1A402218C5B76008F783B /* Base */,
			);
			name = LaunchScreen.storyboard;
			sourceTree = "<group>";
		};
/* End PBXVariantGroup section */

/* Begin XCBuildConfiguration section */
		81C1A405218C5B76008F783B /* Debug */ = {
			isa = XCBuildConfiguration;
			buildSettings = {
				ALWAYS_SEARCH_USER_PATHS = NO;
				CLANG_ANALYZER_NONNULL = YES;
				CLANG_ANALYZER_NUMBER_OBJECT_CONVERSION = YES_AGGRESSIVE;
				CLANG_CXX_LANGUAGE_STANDARD = "gnu++14";
				CLANG_CXX_LIBRARY = "libc++";
				CLANG_ENABLE_MODULES = YES;
				CLANG_ENABLE_OBJC_ARC = YES;
				CLANG_ENABLE_OBJC_WEAK = YES;
				CLANG_WARN_BLOCK_CAPTURE_AUTORELEASING = YES;
				CLANG_WARN_BOOL_CONVERSION = YES;
				CLANG_WARN_COMMA = YES;
				CLANG_WARN_CONSTANT_CONVERSION = YES;
				CLANG_WARN_DEPRECATED_OBJC_IMPLEMENTATIONS = YES;
				CLANG_WARN_DIRECT_OBJC_ISA_USAGE = YES_ERROR;
				CLANG_WARN_DOCUMENTATION_COMMENTS = YES;
				CLANG_WARN_EMPTY_BODY = YES;
				CLANG_WARN_ENUM_CONVERSION = YES;
				CLANG_WARN_INFINITE_RECURSION = YES;
				CLANG_WARN_INT_CONVERSION = YES;
				CLANG_WARN_NON_LITERAL_NULL_CONVERSION = YES;
				CLANG_WARN_OBJC_IMPLICIT_RETAIN_SELF = YES;
				CLANG_WARN_OBJC_LITERAL_CONVERSION = YES;
				CLANG_WARN_OBJC_ROOT_CLASS = YES_ERROR;
				CLANG_WARN_RANGE_LOOP_ANALYSIS = YES;
				CLANG_WARN_STRICT_PROTOTYPES = YES;
				CLANG_WARN_SUSPICIOUS_MOVE = YES;
				CLANG_WARN_UNGUARDED_AVAILABILITY = YES_AGGRESSIVE;
				CLANG_WARN_UNREACHABLE_CODE = YES;
				CLANG_WARN__DUPLICATE_METHOD_MATCH = YES;
				CODE_SIGN_IDENTITY = "iPhone Developer";
				COPY_PHASE_STRIP = NO;
				DEBUG_INFORMATION_FORMAT = dwarf;
				ENABLE_STRICT_OBJC_MSGSEND = YES;
				ENABLE_TESTABILITY = YES;
				GCC_C_LANGUAGE_STANDARD = gnu11;
				GCC_DYNAMIC_NO_PIC = NO;
				GCC_NO_COMMON_BLOCKS = YES;
				GCC_OPTIMIZATION_LEVEL = 0;
				GCC_PREPROCESSOR_DEFINITIONS = (
					"DEBUG=1",
					"$(inherited)",
				);
				GCC_WARN_64_TO_32_BIT_CONVERSION = YES;
				GCC_WARN_ABOUT_RETURN_TYPE = YES_ERROR;
				GCC_WARN_UNDECLARED_SELECTOR = YES;
				GCC_WARN_UNINITIALIZED_AUTOS = YES_AGGRESSIVE;
				GCC_WARN_UNUSED_FUNCTION = YES;
				GCC_WARN_UNUSED_VARIABLE = YES;
				IPHONEOS_DEPLOYMENT_TARGET = 11.4;
				MTL_ENABLE_DEBUG_INFO = YES;
				ONLY_ACTIVE_ARCH = YES;
				SDKROOT = iphoneos;
				SWIFT_ACTIVE_COMPILATION_CONDITIONS = DEBUG;
				SWIFT_OPTIMIZATION_LEVEL = "-Onone";
			};
			name = Debug;
		};
		81C1A406218C5B76008F783B /* Release */ = {
			isa = XCBuildConfiguration;
			buildSettings = {
				ALWAYS_SEARCH_USER_PATHS = NO;
				CLANG_ANALYZER_NONNULL = YES;
				CLANG_ANALYZER_NUMBER_OBJECT_CONVERSION = YES_AGGRESSIVE;
				CLANG_CXX_LANGUAGE_STANDARD = "gnu++14";
				CLANG_CXX_LIBRARY = "libc++";
				CLANG_ENABLE_MODULES = YES;
				CLANG_ENABLE_OBJC_ARC = YES;
				CLANG_ENABLE_OBJC_WEAK = YES;
				CLANG_WARN_BLOCK_CAPTURE_AUTORELEASING = YES;
				CLANG_WARN_BOOL_CONVERSION = YES;
				CLANG_WARN_COMMA = YES;
				CLANG_WARN_CONSTANT_CONVERSION = YES;
				CLANG_WARN_DEPRECATED_OBJC_IMPLEMENTATIONS = YES;
				CLANG_WARN_DIRECT_OBJC_ISA_USAGE = YES_ERROR;
				CLANG_WARN_DOCUMENTATION_COMMENTS = YES;
				CLANG_WARN_EMPTY_BODY = YES;
				CLANG_WARN_ENUM_CONVERSION = YES;
				CLANG_WARN_INFINITE_RECURSION = YES;
				CLANG_WARN_INT_CONVERSION = YES;
				CLANG_WARN_NON_LITERAL_NULL_CONVERSION = YES;
				CLANG_WARN_OBJC_IMPLICIT_RETAIN_SELF = YES;
				CLANG_WARN_OBJC_LITERAL_CONVERSION = YES;
				CLANG_WARN_OBJC_ROOT_CLASS = YES_ERROR;
				CLANG_WARN_RANGE_LOOP_ANALYSIS = YES;
				CLANG_WARN_STRICT_PROTOTYPES = YES;
				CLANG_WARN_SUSPICIOUS_MOVE = YES;
				CLANG_WARN_UNGUARDED_AVAILABILITY = YES_AGGRESSIVE;
				CLANG_WARN_UNREACHABLE_CODE = YES;
				CLANG_WARN__DUPLICATE_METHOD_MATCH = YES;
				CODE_SIGN_IDENTITY = "iPhone Developer";
				COPY_PHASE_STRIP = NO;
				DEBUG_INFORMATION_FORMAT = "dwarf-with-dsym";
				ENABLE_NS_ASSERTIONS = NO;
				ENABLE_STRICT_OBJC_MSGSEND = YES;
				GCC_C_LANGUAGE_STANDARD = gnu11;
				GCC_NO_COMMON_BLOCKS = YES;
				GCC_WARN_64_TO_32_BIT_CONVERSION = YES;
				GCC_WARN_ABOUT_RETURN_TYPE = YES_ERROR;
				GCC_WARN_UNDECLARED_SELECTOR = YES;
				GCC_WARN_UNINITIALIZED_AUTOS = YES_AGGRESSIVE;
				GCC_WARN_UNUSED_FUNCTION = YES;
				GCC_WARN_UNUSED_VARIABLE = YES;
				IPHONEOS_DEPLOYMENT_TARGET = 11.4;
				MTL_ENABLE_DEBUG_INFO = NO;
				SDKROOT = iphoneos;
				SWIFT_COMPILATION_MODE = wholemodule;
				SWIFT_OPTIMIZATION_LEVEL = "-O";
				VALIDATE_PRODUCT = YES;
			};
			name = Release;
		};
		81C1A408218C5B76008F783B /* Debug */ = {
			isa = XCBuildConfiguration;
			buildSettings = {
				ASSETCATALOG_COMPILER_APPICON_NAME = AppIcon;
				CODE_SIGN_STYLE = Automatic;
				INFOPLIST_FILE = RegistrationPageCoreData/Info.plist;
				LD_RUNPATH_SEARCH_PATHS = (
					"$(inherited)",
					"@executable_path/Frameworks",
				);
				PRODUCT_BUNDLE_IDENTIFIER = com.xongolab.RegistrationPageCoreData;
				PRODUCT_NAME = "$(TARGET_NAME)";
				SWIFT_VERSION = 4.0;
				TARGETED_DEVICE_FAMILY = "1,2";
			};
			name = Debug;
		};
		81C1A409218C5B76008F783B /* Release */ = {
			isa = XCBuildConfiguration;
			buildSettings = {
				ASSETCATALOG_COMPILER_APPICON_NAME = AppIcon;
				CODE_SIGN_STYLE = Automatic;
				INFOPLIST_FILE = RegistrationPageCoreData/Info.plist;
				LD_RUNPATH_SEARCH_PATHS = (
					"$(inherited)",
					"@executable_path/Frameworks",
				);
				PRODUCT_BUNDLE_IDENTIFIER = com.xongolab.RegistrationPageCoreData;
				PRODUCT_NAME = "$(TARGET_NAME)";
				SWIFT_VERSION = 4.0;
				TARGETED_DEVICE_FAMILY = "1,2";
			};
			name = Release;
		};
/* End XCBuildConfiguration section */

/* Begin XCConfigurationList section */
		81C1A3ED218C5B75008F783B /* Build configuration list for PBXProject "RegistrationPageCoreData" */ = {
			isa = XCConfigurationList;
			buildConfigurations = (
				81C1A405218C5B76008F783B /* Debug */,
				81C1A406218C5B76008F783B /* Release */,
			);
			defaultConfigurationIsVisible = 0;
			defaultConfigurationName = Release;
		};
		81C1A407218C5B76008F783B /* Build configuration list for PBXNativeTarget "RegistrationPageCoreData" */ = {
			isa = XCConfigurationList;
			buildConfigurations = (
				81C1A408218C5B76008F783B /* Debug */,
				81C1A409218C5B76008F783B /* Release */,
			);
			defaultConfigurationIsVisible = 0;
			defaultConfigurationName = Release;
		};
/* End XCConfigurationList section */

/* Begin XCVersionGroup section */
		81C1A3FC218C5B75008F783B /* RegistrationPageCoreData.xcdatamodeld */ = {
			isa = XCVersionGroup;
			children = (
				81C1A3FD218C5B75008F783B /* RegistrationPageCoreData.xcdatamodel */,
			);
			currentVersion = 81C1A3FD218C5B75008F783B /* RegistrationPageCoreData.xcdatamodel */;
			path = RegistrationPageCoreData.xcdatamodeld;
			sourceTree = "<group>";
			versionGroupType = wrapper.xcdatamodel;
		};
/* End XCVersionGroup section */
	};
	rootObject = 81C1A3EA218C5B75008F783B /* Project object */;
}
